
Microsoft Visual Studio Solution File, Format Version 12.00
# Visual Studio Version 17
VisualStudioVersion = 17.6.33829.357
MinimumVisualStudioVersion = 10.0.40219.1
Project("{FAE04EC0-301F-11D3-BF4B-00C04F79EFBC}") = "LojaDeGames", "LojaDeGames.csproj", "{AB3027B1-BF7B-4DB9-AE96-F0EFD521230C}"
EndProject
Global
	GlobalSection(SolutionConfigurationPlatforms) = preSolution
		Debug|Any CPU = Debug|Any CPU
		Release|Any CPU = Release|Any CPU
	EndGlobalSection
	GlobalSection(ProjectConfigurationPlatforms) = postSolution
		{AB3027B1-BF7B-4DB9-AE96-F0EFD521230C}.Debug|Any CPU.ActiveCfg = Debug|Any CPU
		{AB3027B1-BF7B-4DB9-AE96-F0EFD521230C}.Debug|Any CPU.Build.0 = Debug|Any CPU
		{AB3027B1-BF7B-4DB9-AE96-F0EFD521230C}.Release|Any CPU.ActiveCfg = Release|Any CPU
		{AB3027B1-BF7B-4DB9-AE96-F0EFD521230C}.Release|Any CPU.Build.0 = Release|Any CPU
	EndGlobalSection
	GlobalSection(SolutionProperties) = preSolution
		HideSolutionNode = FALSE
	EndGlobalSection
	GlobalSection(ExtensibilityGlobals) = postSolution
		SolutionGuid = {39A020B5-5B52-48AA-A147-C7B0676FB342}
	EndGlobalSection
EndGlobal
